Microsoft Visual Studio Solution File, Format Version 12.00
# Visual Studio Version 17
VisualStudioVersion = 17.5.2.0
MinimumVisualStudioVersion = 10.0.40219.1
Project("{FAE04EC0-301F-11D3-BF4B-00C04F79EFBC}") = "BrasilLauncher", "BrasilLauncher.csproj", "{BE58F047-BDDE-2BC7-DE7C-E8014886FEA7}"
EndProject
Global
	GlobalSection(SolutionConfigurationPlatforms) = preSolution
		Debug|Any CPU = Debug|Any CPU
		Release|Any CPU = Release|Any CPU
	EndGlobalSection
	GlobalSection(ProjectConfigurationPlatforms) = postSolution
		{BE58F047-BDDE-2BC7-DE7C-E8014886FEA7}.Debug|Any CPU.ActiveCfg = Debug|Any CPU
		{BE58F047-BDDE-2BC7-DE7C-E8014886FEA7}.Debug|Any CPU.Build.0 = Debug|Any CPU
		{BE58F047-BDDE-2BC7-DE7C-E8014886FEA7}.Release|Any CPU.ActiveCfg = Release|Any CPU
		{BE58F047-BDDE-2BC7-DE7C-E8014886FEA7}.Release|Any CPU.Build.0 = Release|Any CPU
	EndGlobalSection
	GlobalSection(SolutionProperties) = preSolution
		HideSolutionNode = FALSE
	EndGlobalSection
	GlobalSection(ExtensibilityGlobals) = postSolution
		SolutionGuid = {C38FE8AA-9538-4BDC-BB73-1785F656ED15}
	EndGlobalSection
EndGlobal
